
Microsoft Visual Studio Solution File, Format Version 12.00
# Visual Studio Version 17
VisualStudioVersion = 17.10.35122.118
MinimumVisualStudioVersion = 10.0.40219.1
Project("{FAE04EC0-301F-11D3-BF4B-00C04F79EFBC}") = "WebAppMvcCrudProg", "WebAppMvcCrudProg\WebAppMvcCrudProg.csproj", "{B86D7B5E-08D3-44AB-84A1-C2C29650A2E0}"
EndProject
Global
	GlobalSection(SolutionConfigurationPlatforms) = preSolution
		Debug|Any CPU = Debug|Any CPU
		Release|Any CPU = Release|Any CPU
	EndGlobalSection
	GlobalSection(ProjectConfigurationPlatforms) = postSolution
		{B86D7B5E-08D3-44AB-84A1-C2C29650A2E0}.Debug|Any CPU.ActiveCfg = Debug|Any CPU
		{B86D7B5E-08D3-44AB-84A1-C2C29650A2E0}.Debug|Any CPU.Build.0 = Debug|Any CPU
		{B86D7B5E-08D3-44AB-84A1-C2C29650A2E0}.Release|Any CPU.ActiveCfg = Release|Any CPU
		{B86D7B5E-08D3-44AB-84A1-C2C29650A2E0}.Release|Any CPU.Build.0 = Release|Any CPU
	EndGlobalSection
	GlobalSection(SolutionProperties) = preSolution
		HideSolutionNode = FALSE
	EndGlobalSection
	GlobalSection(ExtensibilityGlobals) = postSolution
		SolutionGuid = {2F1777FC-A4A4-4CDD-9712-326C53B744DD}
	EndGlobalSection
EndGlobal
